
Microsoft Visual Studio Solution File, Format Version 12.00
# Visual Studio Version 17
VisualStudioVersion = 17.4.33110.190
MinimumVisualStudioVersion = 10.0.40219.1
Project("{9A19103F-16F7-4668-BE54-9A1E7A4F7556}") = "secApi-provider", "secApi-provider.csproj", "{04A607DC-2E1B-4157-9D54-46531AA3293A}"
EndProject
Project("{9A19103F-16F7-4668-BE54-9A1E7A4F7556}") = "Pulumi.Secapiprovider", "..\..\sdk\dotnet\Pulumi.Secapiprovider.csproj", "{13B33E51-7B9B-4A1B-8C67-297AF419319F}"
EndProject
Project("{9A19103F-16F7-4668-BE54-9A1E7A4F7556}") = "SecApiProvider", "..\..\src\SecApiProvider.csproj", "{FF17A691-301D-42B7-AB39-DFB582317630}"
EndProject
Global
	GlobalSection(SolutionConfigurationPlatforms) = preSolution
		Debug|Any CPU = Debug|Any CPU
		Release|Any CPU = Release|Any CPU
	EndGlobalSection
	GlobalSection(ProjectConfigurationPlatforms) = postSolution
		{04A607DC-2E1B-4157-9D54-46531AA3293A}.Debug|Any CPU.ActiveCfg = Debug|Any CPU
		{04A607DC-2E1B-4157-9D54-46531AA3293A}.Debug|Any CPU.Build.0 = Debug|Any CPU
		{04A607DC-2E1B-4157-9D54-46531AA3293A}.Release|Any CPU.ActiveCfg = Release|Any CPU
		{04A607DC-2E1B-4157-9D54-46531AA3293A}.Release|Any CPU.Build.0 = Release|Any CPU
		{13B33E51-7B9B-4A1B-8C67-297AF419319F}.Debug|Any CPU.ActiveCfg = Debug|Any CPU
		{13B33E51-7B9B-4A1B-8C67-297AF419319F}.Debug|Any CPU.Build.0 = Debug|Any CPU
		{13B33E51-7B9B-4A1B-8C67-297AF419319F}.Release|Any CPU.ActiveCfg = Release|Any CPU
		{13B33E51-7B9B-4A1B-8C67-297AF419319F}.Release|Any CPU.Build.0 = Release|Any CPU
		{FF17A691-301D-42B7-AB39-DFB582317630}.Debug|Any CPU.ActiveCfg = Debug|Any CPU
		{FF17A691-301D-42B7-AB39-DFB582317630}.Debug|Any CPU.Build.0 = Debug|Any CPU
		{FF17A691-301D-42B7-AB39-DFB582317630}.Release|Any CPU.ActiveCfg = Release|Any CPU
		{FF17A691-301D-42B7-AB39-DFB582317630}.Release|Any CPU.Build.0 = Release|Any CPU
	EndGlobalSection
	GlobalSection(SolutionProperties) = preSolution
		HideSolutionNode = FALSE
	EndGlobalSection
	GlobalSection(ExtensibilityGlobals) = postSolution
		SolutionGuid = {40326636-DF65-442C-9782-D9CD61ADA0ED}
	EndGlobalSection
EndGlobal
